Microsoft Visual Studio Solution File, Format Version 12.00
# Visual Studio Version 17
VisualStudioVersion = 17.9.34714.143
MinimumVisualStudioVersion = 10.0.40219.1
Project("{8BC9CEB8-8B4A-11D0-8D11-00A0C91BC942}") = "IfcPlusPlus", "IfcPlusPlus\IfcPlusPlus.vcxproj", "{9700AD93-4F6B-484A-BA34-FC4C97E5C645}"
EndProject
Global
	GlobalSection(SolutionConfigurationPlatforms) = preSolution
		Debug|x64 = Debug|x64
		Release|x64 = Release|x64
		ReleaseWithDebugInfo|x64 = ReleaseWithDebugInfo|x64
	EndGlobalSection
	GlobalSection(ProjectConfigurationPlatforms) = postSolution
		{9700AD93-4F6B-484A-BA34-FC4C97E5C645}.Debug|x64.ActiveCfg = Debug|x64
		{9700AD93-4F6B-484A-BA34-FC4C97E5C645}.Debug|x64.Build.0 = Debug|x64
		{9700AD93-4F6B-484A-BA34-FC4C97E5C645}.Release|x64.ActiveCfg = Release|x64
		{9700AD93-4F6B-484A-BA34-FC4C97E5C645}.Release|x64.Build.0 = Release|x64
		{9700AD93-4F6B-484A-BA34-FC4C97E5C645}.ReleaseWithDebugInfo|x64.ActiveCfg = ReleaseWithDebugInfo|x64
		{9700AD93-4F6B-484A-BA34-FC4C97E5C645}.ReleaseWithDebugInfo|x64.Build.0 = ReleaseWithDebugInfo|x64
	EndGlobalSection
	GlobalSection(SolutionProperties) = preSolution
		HideSolutionNode = FALSE
	EndGlobalSection
	GlobalSection(ExtensibilityGlobals) = postSolution
		QtVersion = 6.7.0
		SolutionGuid = {EE8FBA93-1179-406C-B2C6-2445EBDB28A8}
	EndGlobalSection
EndGlobal
