<?xml version="1.0" encoding="utf-8"?>
<Project ToolsVersion="4.0" xmlns="http://schemas.microsoft.com/developer/msbuild/2003">
  <ItemGroup>
    <Filter Include="Quelldateien">
      <UniqueIdentifier>{4FC737F1-C7A5-4376-A066-2A32D752A2FF}</UniqueIdentifier>
      <Extensions>cpp;c;cc;cxx;def;odl;idl;hpj;bat;asm;asmx</Extensions>
    </Filter>
    <Filter Include="Headerdateien">
      <UniqueIdentifier>{93995380-89BD-4b04-88EB-625FBE52EBFB}</UniqueIdentifier>
      <Extensions>h;hpp;hxx;hm;inl;inc;xsd</Extensions>
    </Filter>
    <Filter Include="Ressourcendateien">
      <UniqueIdentifier>{67DA6AB6-F800-4c08-8B7A-83BB121AAD01}</UniqueIdentifier>
      <Extensions>rc;ico;cur;bmp;dlg;rc2;rct;bin;rgs;gif;jpg;jpeg;jpe;resx;tiff;tif;png;wav;mfcribbon-ms</Extensions>
    </Filter>
  </ItemGroup>
  <ItemGroup>
    <ClInclude Include="src\ifcpp\writer\WriterUtil.h">
      <Filter>Headerdateien</Filter>
    </ClInclude>
    <ClInclude Include="src\ifcpp\reader\ReaderUtil.h">
      <Filter>Headerdateien</Filter>
    </ClInclude>
    <ClInclude Include="src\ifcpp\model\StatusCallback.h">
      <Filter>Headerdateien</Filter>
    </ClInclude>
    <ClInclude Include="src\ifcpp\model\UnitConverter.h">
      <Filter>Headerdateien</Filter>
    </ClInclude>
    <ClInclude Include="src\ifcpp\model\UnknownEntityException.h">
      <Filter>Headerdateien</Filter>
    </ClInclude>
    <ClInclude Include="src\ifcpp\geometry\StylesConverter.h">
      <Filter>Headerdateien</Filter>
    </ClInclude>
    <ClInclude Include="src\ifcpp\geometry\OCC\SceneGraphUtilsOCC.h">
      <Filter>Headerdateien</Filter>
    </ClInclude>
    <ClInclude Include="src\ifcpp\geometry\AppearanceData.h">
      <Filter>Headerdateien</Filter>
    </ClInclude>
    <ClInclude Include="src\ifcpp\geometry\GeometryException.h">
      <Filter>Headerdateien</Filter>
    </ClInclude>
    <ClInclude Include="src\ifcpp\geometry\GeometrySettings.h">
      <Filter>Headerdateien</Filter>
    </ClInclude>
    <ClInclude Include="src\ifcpp\geometry\SceneGraphUtils.h">
      <Filter>Headerdateien</Filter>
    </ClInclude>
    <ClInclude Include="src\ifcpp\model\StatusCallback.h">
      <Filter>Headerdateien</Filter>
    </ClInclude>
    <ClInclude Include="src\ifcpp\model\UnitConverter.h">
      <Filter>Headerdateien</Filter>
    </ClInclude>
    <ClInclude Include="src\ifcpp\model\UnknownEntityException.h">
      <Filter>Headerdateien</Filter>
    </ClInclude>
    <ClInclude Include="src\ifcpp\reader\ReaderUtil.h">
      <Filter>Headerdateien</Filter>
    </ClInclude>
    <ClInclude Include="src\ifcpp\writer\WriterUtil.h">
      <Filter>Headerdateien</Filter>
    </ClInclude>
    <ClInclude Include="src\ifcpp\geometry\Carve\ConverterOSG.h">
      <Filter>Headerdateien</Filter>
    </ClInclude>
    <ClInclude Include="src\ifcpp\geometry\Carve\CSG_Adapter.h">
      <Filter>Headerdateien</Filter>
    </ClInclude>
    <ClInclude Include="src\ifcpp\geometry\Carve\CurveConverter.h">
      <Filter>Headerdateien</Filter>
    </ClInclude>
    <ClInclude Include="src\ifcpp\geometry\Carve\FaceConverter.h">
      <Filter>Headerdateien</Filter>
    </ClInclude>
    <ClInclude Include="src\ifcpp\geometry\Carve\GeomDebugDump.h">
      <Filter>Headerdateien</Filter>
    </ClInclude>
    <ClInclude Include="src\ifcpp\geometry\Carve\GeometryConverter.h">
      <Filter>Headerdateien</Filter>
    </ClInclude>
    <ClInclude Include="src\ifcpp\geometry\Carve\GeometryInputData.h">
      <Filter>Headerdateien</Filter>
    </ClInclude>
    <ClInclude Include="src\ifcpp\geometry\Carve\GeomUtils.h">
      <Filter>Headerdateien</Filter>
    </ClInclude>
    <ClInclude Include="src\ifcpp\geometry\Carve\IncludeCarveHeaders.h">
      <Filter>Headerdateien</Filter>
    </ClInclude>
    <ClInclude Include="src\ifcpp\geometry\Carve\PlacementConverter.h">
      <Filter>Headerdateien</Filter>
    </ClInclude>
    <ClInclude Include="src\ifcpp\geometry\Carve\PointConverter.h">
      <Filter>Headerdateien</Filter>
    </ClInclude>
    <ClInclude Include="src\ifcpp\geometry\Carve\ProfileCache.h">
      <Filter>Headerdateien</Filter>
    </ClInclude>
    <ClInclude Include="src\ifcpp\geometry\Carve\ProfileConverter.h">
      <Filter>Headerdateien</Filter>
    </ClInclude>
    <ClInclude Include="src\ifcpp\geometry\Carve\RepresentationConverter.h">
      <Filter>Headerdateien</Filter>
    </ClInclude>
    <ClInclude Include="src\ifcpp\geometry\Carve\SolidModelConverter.h">
      <Filter>Headerdateien</Filter>
    </ClInclude>
    <ClInclude Include="src\ifcpp\geometry\Carve\SplineConverter.h">
      <Filter>Headerdateien</Filter>
    </ClInclude>
    <ClInclude Include="src\ifcpp\geometry\Carve\Sweeper.h">
      <Filter>Headerdateien</Filter>
    </ClInclude>
    <ClInclude Include="src\ifcpp\geometry\OCC\CSG_AdapterOCC.h">
      <Filter>Headerdateien</Filter>
    </ClInclude>
    <ClInclude Include="src\ifcpp\geometry\OCC\CurveConverterOCC.h">
      <Filter>Headerdateien</Filter>
    </ClInclude>
    <ClInclude Include="src\ifcpp\geometry\OCC\FaceConverterOCC.h">
      <Filter>Headerdateien</Filter>
    </ClInclude>
    <ClInclude Include="src\ifcpp\geometry\OCC\GeomDebugDumpOCC.h">
      <Filter>Headerdateien</Filter>
    </ClInclude>
    <ClInclude Include="src\ifcpp\geometry\OCC\GeometryConverterOCC.h">
      <Filter>Headerdateien</Filter>
    </ClInclude>
    <ClInclude Include="src\ifcpp\geometry\OCC\GeometryInputDataOCC.h">
      <Filter>Headerdateien</Filter>
    </ClInclude>
    <ClInclude Include="src\ifcpp\geometry\OCC\GeomUtilsOCC.h">
      <Filter>Headerdateien</Filter>
    </ClInclude>
    <ClInclude Include="src\ifcpp\geometry\OCC\PlacementConverterOCC.h">
      <Filter>Headerdateien</Filter>
    </ClInclude>
    <ClInclude Include="src\ifcpp\geometry\OCC\PointConverterOCC.h">
      <Filter>Headerdateien</Filter>
    </ClInclude>
    <ClInclude Include="src\ifcpp\geometry\OCC\ProfileCacheOCC.h">
      <Filter>Headerdateien</Filter>
    </ClInclude>
    <ClInclude Include="src\ifcpp\geometry\OCC\ProfileConverterOCC.h">
      <Filter>Headerdateien</Filter>
    </ClInclude>
    <ClInclude Include="src\ifcpp\geometry\OCC\RepresentationConverterOCC.h">
      <Filter>Headerdateien</Filter>
    </ClInclude>
    <ClInclude Include="src\ifcpp\geometry\OCC\SceneGraphConverterOCC.h">
      <Filter>Headerdateien</Filter>
    </ClInclude>
    <ClInclude Include="src\ifcpp\geometry\OCC\SolidModelConverterOCC.h">
      <Filter>Headerdateien</Filter>
    </ClInclude>
    <ClInclude Include="src\ifcpp\geometry\OCC\SplineConverterOCC.h">
      <Filter>Headerdateien</Filter>
    </ClInclude>
    <ClInclude Include="src\ifcpp\geometry\Carve\TessellatedItemConverter.h">
      <Filter>Headerdateien</Filter>
    </ClInclude>
    <ClInclude Include="src\ifcpp\model\BuildingException.h">
      <Filter>Headerdateien</Filter>
    </ClInclude>
    <ClInclude Include="src\ifcpp\model\BuildingGuid.h">
      <Filter>Headerdateien</Filter>
    </ClInclude>
    <ClInclude Include="src\ifcpp\model\BuildingModel.h">
      <Filter>Headerdateien</Filter>
    </ClInclude>
    <ClInclude Include="src\ifcpp\model\BuildingObject.h">
      <Filter>Headerdateien</Filter>
    </ClInclude>
    <ClInclude Include="src\ifcpp\model\OpenMPIncludes.h">
      <Filter>Headerdateien</Filter>
    </ClInclude>
    <ClInclude Include="src\ifcpp\model\BasicTypes.h">
      <Filter>Headerdateien</Filter>
    </ClInclude>
    <ClInclude Include="src\ifcpp\model\AttributeObject.h">
      <Filter>Headerdateien</Filter>
    </ClInclude>
    <ClInclude Include="src\ifcpp\model\GlobalDefines.h">
      <Filter>Headerdateien</Filter>
    </ClInclude>
    <ClInclude Include="src\ifcpp\IFC4\EntityFactory.h">
      <Filter>Headerdateien</Filter>
    </ClInclude>
    <ClInclude Include="src\ifcpp\IFC4\TypeFactory.h">
      <Filter>Headerdateien</Filter>
    </ClInclude>
    <ClInclude Include="src\ifcpp\reader\ReaderSTEP.h">
      <Filter>Headerdateien</Filter>
    </ClInclude>
    <ClInclude Include="src\ifcpp\reader\ReaderXML.h">
      <Filter>Headerdateien</Filter>
    </ClInclude>
    <ClInclude Include="src\ifcpp\writer\AbstractWriter.h">
      <Filter>Headerdateien</Filter>
    </ClInclude>
    <ClInclude Include="src\ifcpp\writer\WriterSTEP.h">
      <Filter>Headerdateien</Filter>
    </ClInclude>
    <ClInclude Include="src\ifcpp\writer\WriterXML.h">
      <Filter>Headerdateien</Filter>
    </ClInclude>
    <ClInclude Include="src\ifcpp\reader\AbstractReader.h">
      <Filter>Headerdateien</Filter>
    </ClInclude>
    <ClInclude Include="src\external\XUnzip.h">
      <Filter>Headerdateien</Filter>
    </ClInclude>
  </ItemGroup>
  <ItemGroup>
    <ClCompile Include="src\ifcpp\model\UnitConverter.cpp">
      <Filter>Quelldateien</Filter>
    </ClCompile>
    <ClCompile Include="src\ifcpp\reader\ReaderUtil.cpp">
      <Filter>Quelldateien</Filter>
    </ClCompile>
    <ClCompile Include="src\ifcpp\model\BuildingModel.cpp">
      <Filter>Quelldateien</Filter>
    </ClCompile>
    <ClCompile Include="src\ifcpp\model\AttributeObject.cpp">
      <Filter>Quelldateien</Filter>
    </ClCompile>
    <ClCompile Include="src\ifcpp\reader\ReaderSTEP.cpp">
      <Filter>Quelldateien</Filter>
    </ClCompile>
    <ClCompile Include="src\ifcpp\reader\ReaderXML.cpp">
      <Filter>Quelldateien</Filter>
    </ClCompile>
    <ClCompile Include="src\ifcpp\writer\WriterSTEP.cpp">
      <Filter>Quelldateien</Filter>
    </ClCompile>
    <ClCompile Include="src\ifcpp\reader\AbstractReader.cpp">
      <Filter>Quelldateien</Filter>
    </ClCompile>
    <ClCompile Include="src\ifcpp\writer\WriterUtil.cpp">
      <Filter>Quelldateien</Filter>
    </ClCompile>
    <ClCompile Include="src\external\XUnzip.cpp">
      <Filter>Quelldateien</Filter>
    </ClCompile>
    <ClCompile Include="src\ifcpp\model\BuildingGuid.cpp">
      <Filter>Quelldateien</Filter>
    </ClCompile>
    <ClCompile Include="src\ifcpp\IFC4X3\EntityFactory.cpp">
      <Filter>Quelldateien</Filter>
    </ClCompile>
    <ClCompile Include="src\ifcpp\IFC4X3\TypeFactory.cpp">
      <Filter>Quelldateien</Filter>
    </ClCompile>
  </ItemGroup>
</Project>