<?xml version="1.0" encoding="utf-8"?>
<Project ToolsVersion="4.0" xmlns="http://schemas.microsoft.com/developer/msbuild/2003">
  <ItemGroup>
    <Filter Include="Quelldateien">
      <UniqueIdentifier>{4FC737F1-C7A5-4376-A066-2A32D752A2FF}</UniqueIdentifier>
      <Extensions>cpp;c;cc;cxx;def;odl;idl;hpj;bat;asm;asmx</Extensions>
    </Filter>
    <Filter Include="Headerdateien">
      <UniqueIdentifier>{93995380-89BD-4b04-88EB-625FBE52EBFB}</UniqueIdentifier>
      <Extensions>h;hpp;hxx;hm;inl;inc;xsd</Extensions>
    </Filter>
    <Filter Include="Ressourcendateien">
      <UniqueIdentifier>{67DA6AB6-F800-4c08-8B7A-83BB121AAD01}</UniqueIdentifier>
      <Extensions>rc;ico;cur;bmp;dlg;rc2;rct;bin;rgs;gif;jpg;jpeg;jpe;resx;tiff;tif;png;wav;mfcribbon-ms</Extensions>
    </Filter>
  </ItemGroup>
  <ItemGroup>
    <ClInclude Include="src\ifcpp\writer\WriterUtil.h">
      <Filter>Headerdateien</Filter>
    </ClInclude>
    <ClInclude Include="src\ifcpp\reader\ReaderUtil.h">
      <Filter>Headerdateien</Filter>
    </ClInclude>
    <ClInclude Include="src\ifcpp\model\StatusCallback.h">
      <Filter>Headerdateien</Filter>
    </ClInclude>
    <ClInclude Include="src\ifcpp\model\UnitConverter.h">
      <Filter>Headerdateien</Filter>
    </ClInclude>
    <ClInclude Include="src\ifcpp\model\UnknownEntityException.h">
      <Filter>Headerdateien</Filter>
    </ClInclude>
    <ClInclude Include="src\ifcpp\geometry\StylesConverter.h">
      <Filter>Headerdateien</Filter>
    </ClInclude>
    <ClInclude Include="src\ifcpp\geometry\AppearanceData.h">
      <Filter>Headerdateien</Filter>
    </ClInclude>
    <ClInclude Include="src\ifcpp\geometry\GeometryException.h">
      <Filter>Headerdateien</Filter>
    </ClInclude>
    <ClInclude Include="src\ifcpp\geometry\GeometrySettings.h">
      <Filter>Headerdateien</Filter>
    </ClInclude>
    <ClInclude Include="src\ifcpp\geometry\SceneGraphUtils.h">
      <Filter>Headerdateien</Filter>
    </ClInclude>
    <ClInclude Include="src\ifcpp\model\StatusCallback.h">
      <Filter>Headerdateien</Filter>
    </ClInclude>
    <ClInclude Include="src\ifcpp\model\UnitConverter.h">
      <Filter>Headerdateien</Filter>
    </ClInclude>
    <ClInclude Include="src\ifcpp\model\UnknownEntityException.h">
      <Filter>Headerdateien</Filter>
    </ClInclude>
    <ClInclude Include="src\ifcpp\reader\ReaderUtil.h">
      <Filter>Headerdateien</Filter>
    </ClInclude>
    <ClInclude Include="src\ifcpp\writer\WriterUtil.h">
      <Filter>Headerdateien</Filter>
    </ClInclude>
    <ClInclude Include="src\ifcpp\geometry\ConverterOSG.h">
      <Filter>Headerdateien</Filter>
    </ClInclude>
    <ClInclude Include="src\ifcpp\geometry\CSG_Adapter.h">
      <Filter>Headerdateien</Filter>
    </ClInclude>
    <ClInclude Include="src\ifcpp\geometry\CurveConverter.h">
      <Filter>Headerdateien</Filter>
    </ClInclude>
    <ClInclude Include="src\ifcpp\geometry\FaceConverter.h">
      <Filter>Headerdateien</Filter>
    </ClInclude>
    <ClInclude Include="src\ifcpp\geometry\GeomDebugDump.h">
      <Filter>Headerdateien</Filter>
    </ClInclude>
    <ClInclude Include="src\ifcpp\geometry\GeometryConverter.h">
      <Filter>Headerdateien</Filter>
    </ClInclude>
    <ClInclude Include="src\ifcpp\geometry\GeometryInputData.h">
      <Filter>Headerdateien</Filter>
    </ClInclude>
    <ClInclude Include="src\ifcpp\geometry\GeomUtils.h">
      <Filter>Headerdateien</Filter>
    </ClInclude>
    <ClInclude Include="src\ifcpp\geometry\IncludeCarveHeaders.h">
      <Filter>Headerdateien</Filter>
    </ClInclude>
    <ClInclude Include="src\ifcpp\geometry\PlacementConverter.h">
      <Filter>Headerdateien</Filter>
    </ClInclude>
    <ClInclude Include="src\ifcpp\geometry\PointConverter.h">
      <Filter>Headerdateien</Filter>
    </ClInclude>
    <ClInclude Include="src\ifcpp\geometry\ProfileCache.h">
      <Filter>Headerdateien</Filter>
    </ClInclude>
    <ClInclude Include="src\ifcpp\geometry\ProfileConverter.h">
      <Filter>Headerdateien</Filter>
    </ClInclude>
    <ClInclude Include="src\ifcpp\geometry\RepresentationConverter.h">
      <Filter>Headerdateien</Filter>
    </ClInclude>
    <ClInclude Include="src\ifcpp\geometry\SolidModelConverter.h">
      <Filter>Headerdateien</Filter>
    </ClInclude>
    <ClInclude Include="src\ifcpp\geometry\SplineConverter.h">
      <Filter>Headerdateien</Filter>
    </ClInclude>
    <ClInclude Include="src\ifcpp\geometry\Sweeper.h">
      <Filter>Headerdateien</Filter>
    </ClInclude>
    <ClInclude Include="src\ifcpp\geometry\TessellatedItemConverter.h">
      <Filter>Headerdateien</Filter>
    </ClInclude>
    <ClInclude Include="src\ifcpp\model\BuildingException.h">
      <Filter>Headerdateien</Filter>
    </ClInclude>
    <ClInclude Include="src\ifcpp\model\BuildingGuid.h">
      <Filter>Headerdateien</Filter>
    </ClInclude>
    <ClInclude Include="src\ifcpp\model\BuildingModel.h">
      <Filter>Headerdateien</Filter>
    </ClInclude>
    <ClInclude Include="src\ifcpp\model\BuildingObject.h">
      <Filter>Headerdateien</Filter>
    </ClInclude>
    <ClInclude Include="src\ifcpp\model\BasicTypes.h">
      <Filter>Headerdateien</Filter>
    </ClInclude>
    <ClInclude Include="src\ifcpp\model\AttributeObject.h">
      <Filter>Headerdateien</Filter>
    </ClInclude>
    <ClInclude Include="src\ifcpp\model\GlobalDefines.h">
      <Filter>Headerdateien</Filter>
    </ClInclude>
    <ClInclude Include="src\ifcpp\IFC4\EntityFactory.h">
      <Filter>Headerdateien</Filter>
    </ClInclude>
    <ClInclude Include="src\ifcpp\IFC4\TypeFactory.h">
      <Filter>Headerdateien</Filter>
    </ClInclude>
    <ClInclude Include="src\ifcpp\reader\ReaderSTEP.h">
      <Filter>Headerdateien</Filter>
    </ClInclude>
    <ClInclude Include="src\ifcpp\writer\WriterSTEP.h">
      <Filter>Headerdateien</Filter>
    </ClInclude>
    <ClInclude Include="src\ifcpp\reader\AbstractReader.h">
      <Filter>Headerdateien</Filter>
    </ClInclude>
    <ClInclude Include="src\ifcpp\geometry\MeshSimplifier.h">
      <Filter>Headerdateien</Filter>
    </ClInclude>
    <ClInclude Include="src\ifcpp\geometry\MeshOps.h">
      <Filter>Headerdateien</Filter>
    </ClInclude>
    <ClInclude Include="src\ifcpp\geometry\MeshNormalizer.h">
      <Filter>Headerdateien</Filter>
    </ClInclude>
    <ClInclude Include="src\ifcpp\IFC4X3\EntityFactory.h">
      <Filter>Headerdateien</Filter>
    </ClInclude>
    <ClInclude Include="src\ifcpp\IFC4X3\TypeFactory.h">
      <Filter>Headerdateien</Filter>
    </ClInclude>
  </ItemGroup>
  <ItemGroup>
    <ClCompile Include="src\ifcpp\model\UnitConverter.cpp">
      <Filter>Quelldateien</Filter>
    </ClCompile>
    <ClCompile Include="src\ifcpp\reader\ReaderUtil.cpp">
      <Filter>Quelldateien</Filter>
    </ClCompile>
    <ClCompile Include="src\ifcpp\model\BuildingModel.cpp">
      <Filter>Quelldateien</Filter>
    </ClCompile>
    <ClCompile Include="src\ifcpp\model\AttributeObject.cpp">
      <Filter>Quelldateien</Filter>
    </ClCompile>
    <ClCompile Include="src\ifcpp\reader\ReaderSTEP.cpp">
      <Filter>Quelldateien</Filter>
    </ClCompile>
    <ClCompile Include="src\ifcpp\writer\WriterSTEP.cpp">
      <Filter>Quelldateien</Filter>
    </ClCompile>
    <ClCompile Include="src\ifcpp\writer\WriterUtil.cpp">
      <Filter>Quelldateien</Filter>
    </ClCompile>
    <ClCompile Include="src\ifcpp\model\BuildingGuid.cpp">
      <Filter>Quelldateien</Filter>
    </ClCompile>
    <ClCompile Include="src\ifcpp\IFC4X3\EntityFactory.cpp">
      <Filter>Quelldateien</Filter>
    </ClCompile>
    <ClCompile Include="src\ifcpp\IFC4X3\TypeFactory.cpp">
      <Filter>Quelldateien</Filter>
    </ClCompile>
    <ClCompile Include="src\external\Carve\src\common\geometry.cpp">
      <Filter>Quelldateien</Filter>
    </ClCompile>
    <ClCompile Include="src\external\Carve\src\lib\aabb.cpp">
      <Filter>Quelldateien</Filter>
    </ClCompile>
    <ClCompile Include="src\external\Carve\src\lib\carve.cpp">
      <Filter>Quelldateien</Filter>
    </ClCompile>
    <ClCompile Include="src\external\Carve\src\lib\convex_hull.cpp">
      <Filter>Quelldateien</Filter>
    </ClCompile>
    <ClCompile Include="src\external\Carve\src\lib\csg.cpp">
      <Filter>Quelldateien</Filter>
    </ClCompile>
    <ClCompile Include="src\external\Carve\src\lib\csg_collector.cpp">
      <Filter>Quelldateien</Filter>
    </ClCompile>
    <ClCompile Include="src\external\Carve\src\lib\edge.cpp">
      <Filter>Quelldateien</Filter>
    </ClCompile>
    <ClCompile Include="src\external\Carve\src\lib\face.cpp">
      <Filter>Quelldateien</Filter>
    </ClCompile>
    <ClCompile Include="src\external\Carve\src\lib\geom.cpp">
      <Filter>Quelldateien</Filter>
    </ClCompile>
    <ClCompile Include="src\external\Carve\src\lib\geom2d.cpp">
      <Filter>Quelldateien</Filter>
    </ClCompile>
    <ClCompile Include="src\external\Carve\src\lib\geom3d.cpp">
      <Filter>Quelldateien</Filter>
    </ClCompile>
    <ClCompile Include="src\external\Carve\src\lib\intersect.cpp">
      <Filter>Quelldateien</Filter>
    </ClCompile>
    <ClCompile Include="src\external\Carve\src\lib\intersection.cpp">
      <Filter>Quelldateien</Filter>
    </ClCompile>
    <ClCompile Include="src\external\Carve\src\lib\intersect_classify_edge.cpp">
      <Filter>Quelldateien</Filter>
    </ClCompile>
    <ClCompile Include="src\external\Carve\src\lib\intersect_classify_group.cpp">
      <Filter>Quelldateien</Filter>
    </ClCompile>
    <ClCompile Include="src\external\Carve\src\lib\intersect_face_division.cpp">
      <Filter>Quelldateien</Filter>
    </ClCompile>
    <ClCompile Include="src\external\Carve\src\lib\intersect_group.cpp">
      <Filter>Quelldateien</Filter>
    </ClCompile>
    <ClCompile Include="src\external\Carve\src\lib\intersect_half_classify_group.cpp">
      <Filter>Quelldateien</Filter>
    </ClCompile>
    <ClCompile Include="src\external\Carve\src\lib\math.cpp">
      <Filter>Quelldateien</Filter>
    </ClCompile>
    <ClCompile Include="src\external\Carve\src\lib\mesh.cpp">
      <Filter>Quelldateien</Filter>
    </ClCompile>
    <ClCompile Include="src\external\Carve\src\lib\octree.cpp">
      <Filter>Quelldateien</Filter>
    </ClCompile>
    <ClCompile Include="src\external\Carve\src\lib\pointset.cpp">
      <Filter>Quelldateien</Filter>
    </ClCompile>
    <ClCompile Include="src\external\Carve\src\lib\polyhedron.cpp">
      <Filter>Quelldateien</Filter>
    </ClCompile>
    <ClCompile Include="src\external\Carve\src\lib\polyline.cpp">
      <Filter>Quelldateien</Filter>
    </ClCompile>
    <ClCompile Include="src\external\Carve\src\lib\shewchuk_predicates.cpp">
      <Filter>Quelldateien</Filter>
    </ClCompile>
    <ClCompile Include="src\external\Carve\src\lib\tag.cpp">
      <Filter>Quelldateien</Filter>
    </ClCompile>
    <ClCompile Include="src\external\Carve\src\lib\timing.cpp">
      <Filter>Quelldateien</Filter>
    </ClCompile>
    <ClCompile Include="src\external\Carve\src\lib\triangle_intersection.cpp">
      <Filter>Quelldateien</Filter>
    </ClCompile>
    <ClCompile Include="src\external\Carve\src\lib\triangulator.cpp">
      <Filter>Quelldateien</Filter>
    </ClCompile>
    <ClCompile Include="src\ifcpp\geometry\MeshOps.cpp">
      <Filter>Quelldateien</Filter>
    </ClCompile>
    <ClCompile Include="src\ifcpp\geometry\GeometryInputData.cpp">
      <Filter>Quelldateien</Filter>
    </ClCompile>
    <ClCompile Include="src\ifcpp\geometry\CSG_Adapter.cpp">
      <Filter>Quelldateien</Filter>
    </ClCompile>
    <ClCompile Include="src\ifcpp\geometry\MeshSimplifier.cpp">
      <Filter>Quelldateien</Filter>
    </ClCompile>
    <ClCompile Include="src\ifcpp\geometry\SolidModelConverter.cpp">
      <Filter>Quelldateien</Filter>
    </ClCompile>
    <ClCompile Include="src\ifcpp\geometry\CurveConverter.cpp">
      <Filter>Quelldateien</Filter>
    </ClCompile>
  </ItemGroup>
</Project>